
Microsoft Visual Studio Solution File, Format Version 12.00
# Visual Studio Version 17
VisualStudioVersion = 17.6.33815.320
MinimumVisualStudioVersion = 10.0.40219.1
Project("{FAE04EC0-301F-11D3-BF4B-00C04F79EFBC}") = "FilmesAPI", "FilmesAPI\FilmesAPI.csproj", "{B9260D80-71E4-4909-943B-23E81065FCA1}"
EndProject
Global
	GlobalSection(SolutionConfigurationPlatforms) = preSolution
		Debug|Any CPU = Debug|Any CPU
		Release|Any CPU = Release|Any CPU
	EndGlobalSection
	GlobalSection(ProjectConfigurationPlatforms) = postSolution
		{B9260D80-71E4-4909-943B-23E81065FCA1}.Debug|Any CPU.ActiveCfg = Debug|Any CPU
		{B9260D80-71E4-4909-943B-23E81065FCA1}.Debug|Any CPU.Build.0 = Debug|Any CPU
		{B9260D80-71E4-4909-943B-23E81065FCA1}.Release|Any CPU.ActiveCfg = Release|Any CPU
		{B9260D80-71E4-4909-943B-23E81065FCA1}.Release|Any CPU.Build.0 = Release|Any CPU
	EndGlobalSection
	GlobalSection(SolutionProperties) = preSolution
		HideSolutionNode = FALSE
	EndGlobalSection
	GlobalSection(ExtensibilityGlobals) = postSolution
		SolutionGuid = {EF696C12-D631-4A08-9DD9-AB40609684E4}
	EndGlobalSection
EndGlobal
